// !$*UTF8*$!
{
	archiveVersion = 1;
	classes = {
	};
	objectVersion = 46;
	objects = {

/* Begin PBXBuildFile section */
		2F6F4FAC1BEFC689005E6F28 /* AppDelegate.swift in Sources */ = {isa = PBXBuildFile; fileRef = 2F6F4FAB1BEFC689005E6F28 /* AppDelegate.swift */; };
		2F6F4FAE1BEFC689005E6F28 /* ViewController.swift in Sources */ = {isa = PBXBuildFile; fileRef = 2F6F4FAD1BEFC689005E6F28 /* ViewController.swift */; };
		2F6F4FB11BEFC689005E6F28 /* Main.storyboard in Resources */ = {isa = PBXBuildFile; fileRef = 2F6F4FAF1BEFC689005E6F28 /* Main.storyboard */; };
		2F6F4FB31BEFC689005E6F28 /* Images.xcassets in Resources */ = {isa = PBXBuildFile; fileRef = 2F6F4FB21BEFC689005E6F28 /* Images.xcassets */; };
		2F6F4FB61BEFC689005E6F28 /* LaunchScreen.xib in Resources */ = {isa = PBXBuildFile; fileRef = 2F6F4FB41BEFC689005E6F28 /* LaunchScreen.xib */; };
		2F6F4FC21BEFC689005E6F28 /* ParkingBeeTests.swift in Sources */ = {isa = PBXBuildFile; fileRef = 2F6F4FC11BEFC689005E6F28 /* ParkingBeeTests.swift */; };
/* End PBXBuildFile section */

/* Begin PBXContainerItemProxy section */
		2F6F4FBC1BEFC689005E6F28 /* PBXContainerItemProxy */ = {
			isa = PBXContainerItemProxy;
			containerPortal = 2F6F4F9E1BEFC689005E6F28 /* Project object */;
			proxyType = 1;
			remoteGlobalIDString = 2F6F4FA51BEFC689005E6F28;
			remoteInfo = ParkingBee;
		};
/* End PBXContainerItemProxy section */

/* Begin PBXFileReference section */
		2F6F4FA61BEFC689005E6F28 /* ParkingBee.app */ = {isa = PBXFileReference; explicitFileType = wrapper.application; includeInIndex = 0; path = ParkingBee.app; sourceTree = BUILT_PRODUCTS_DIR; };
		2F6F4FAA1BEFC689005E6F28 /* Info.plist */ = {isa = PBXFileReference; lastKnownFileType = text.plist.xml; path = Info.plist; sourceTree = "<group>"; };
		2F6F4FAB1BEFC689005E6F28 /* AppDelegate.swift */ = {isa = PBXFileReference; lastKnownFileType = sourcecode.swift; path = AppDelegate.swift; sourceTree = "<group>"; };
		2F6F4FAD1BEFC689005E6F28 /* ViewController.swift */ = {isa = PBXFileReference; lastKnownFileType = sourcecode.swift; path = ViewController.swift; sourceTree = "<group>"; };
		2F6F4FB01BEFC689005E6F28 /* Base */ = {isa = PBXFileReference; lastKnownFileType = file.storyboard; name = Base; path = Base.lproj/Main.storyboard; sourceTree = "<group>"; };
		2F6F4FB21BEFC689005E6F28 /* Images.xcassets */ = {isa = PBXFileReference; lastKnownFileType = folder.assetcatalog; path = Images.xcassets; sourceTree = "<group>"; };
		2F6F4FB51BEFC689005E6F28 /* Base */ = {isa = PBXFileReference; lastKnownFileType = file.xib; name = Base; path = Base.lproj/LaunchScreen.xib; sourceTree = "<group>"; };
		2F6F4FBB1BEFC689005E6F28 /* ParkingBeeTests.xctest */ = {isa = PBXFileReference; explicitFileType = wrapper.cfbundle; includeInIndex = 0; path = ParkingBeeTests.xctest; sourceTree = BUILT_PRODUCTS_DIR; };
		2F6F4FC01BEFC689005E6F28 /* Info.plist */ = {isa = PBXFileReference; lastKnownFileType = text.plist.xml; path = Info.plist; sourceTree = "<group>"; };
		2F6F4FC11BEFC689005E6F28 /* ParkingBeeTests.swift */ = {isa = PBXFileReference; lastKnownFileType = sourcecode.swift; path = ParkingBeeTests.swift; sourceTree = "<group>"; };
/* End PBXFileReference section */

/* Begin PBXFrameworksBuildPhase section */
		2F6F4FA31BEFC689005E6F28 /* Frameworks */ = {
			isa = PBXFrameworksBuildPhase;
			buildActionMask = 2147483647;
			files = (
			);
			runOnlyForDeploymentPostprocessing = 0;
		};
		2F6F4FB81BEFC689005E6F28 /* Frameworks */ = {
			isa = PBXFrameworksBuildPhase;
			buildActionMask = 2147483647;
			files = (
			);
			runOnlyForDeploymentPostprocessing = 0;
		};
/* End PBXFrameworksBuildPhase section */

/* Begin PBXGroup section */
		2F6F4F9D1BEFC689005E6F28 = {
			isa = PBXGroup;
			children = (
				2F6F4FA81BEFC689005E6F28 /* ParkingBee */,
				2F6F4FBE1BEFC689005E6F28 /* ParkingBeeTests */,
				2F6F4FA71BEFC689005E6F28 /* Products */,
			);
			sourceTree = "<group>";
		};
		2F6F4FA71BEFC689005E6F28 /* Products */ = {
			isa = PBXGroup;
			children = (
				2F6F4FA61BEFC689005E6F28 /* ParkingBee.app */,
				2F6F4FBB1BEFC689005E6F28 /* ParkingBeeTests.xctest */,
			);
			name = Products;
			sourceTree = "<group>";
		};
		2F6F4FA81BEFC689005E6F28 /* ParkingBee */ = {
			isa = PBXGroup;
			children = (
				2F6F4FAB1BEFC689005E6F28 /* AppDelegate.swift */,
				2F6F4FAD1BEFC689005E6F28 /* ViewController.swift */,
				2F6F4FAF1BEFC689005E6F28 /* Main.storyboard */,
				2F6F4FB21BEFC689005E6F28 /* Images.xcassets */,
				2F6F4FB41BEFC689005E6F28 /* LaunchScreen.xib */,
				2F6F4FA91BEFC689005E6F28 /* Supporting Files */,
			);
			path = ParkingBee;
			sourceTree = "<group>";
		};
		2F6F4FA91BEFC689005E6F28 /* Supporting Files */ = {
			isa = PBXGroup;
			children = (
				2F6F4FAA1BEFC689005E6F28 /* Info.plist */,
			);
			name = "Supporting Files";
			sourceTree = "<group>";
		};
		2F6F4FBE1BEFC689005E6F28 /* ParkingBeeTests */ = {
			isa = PBXGroup;
			children = (
				2F6F4FC11BEFC689005E6F28 /* ParkingBeeTests.swift */,
				2F6F4FBF1BEFC689005E6F28 /* Supporting Files */,
			);
			path = ParkingBeeTests;
			sourceTree = "<group>";
		};
		2F6F4FBF1BEFC689005E6F28 /* Supporting Files */ = {
			isa = PBXGroup;
			children = (
				2F6F4FC01BEFC689005E6F28 /* Info.plist */,
			);
			name = "Supporting Files";
			sourceTree = "<group>";
		};
/* End PBXGroup section */

/* Begin PBXNativeTarget section */
		2F6F4FA51BEFC689005E6F28 /* ParkingBee */ = {
			isa = PBXNativeTarget;
			buildConfigurationList = 2F6F4FC51BEFC689005E6F28 /* Build configuration list for PBXNativeTarget "ParkingBee" */;
			buildPhases = (
				2F6F4FA21BEFC689005E6F28 /* Sources */,
				2F6F4FA31BEFC689005E6F28 /* Frameworks */,
				2F6F4FA41BEFC689005E6F28 /* Resources */,
			);
			buildRules = (
			);
			dependencies = (
			);
			name = ParkingBee;
			productName = ParkingBee;
			productReference = 2F6F4FA61BEFC689005E6F28 /* ParkingBee.app */;
			productType = "com.apple.product-type.application";
		};
		2F6F4FBA1BEFC689005E6F28 /* ParkingBeeTests */ = {
			isa = PBXNativeTarget;
			buildConfigurationList = 2F6F4FC81BEFC68A005E6F28 /* Build configuration list for PBXNativeTarget "ParkingBeeTests" */;
			buildPhases = (
				2F6F4FB71BEFC689005E6F28 /* Sources */,
				2F6F4FB81BEFC689005E6F28 /* Frameworks */,
				2F6F4FB91BEFC689005E6F28 /* Resources */,
			);
			buildRules = (
			);
			dependencies = (
				2F6F4FBD1BEFC689005E6F28 /* PBXTargetDependency */,
			);
			name = ParkingBeeTests;
			productName = ParkingBeeTests;
			productReference = 2F6F4FBB1BEFC689005E6F28 /* ParkingBeeTests.xctest */;
			productType = "com.apple.product-type.bundle.unit-test";
		};
/* End PBXNativeTarget section */

/* Begin PBXProject section */
		2F6F4F9E1BEFC689005E6F28 /* Project object */ = {
			isa = PBXProject;
			attributes = {
				LastUpgradeCheck = 0620;
				ORGANIZATIONNAME = "MTSS User";
				TargetAttributes = {
					2F6F4FA51BEFC689005E6F28 = {
						CreatedOnToolsVersion = 6.2;
					};
					2F6F4FBA1BEFC689005E6F28 = {
						CreatedOnToolsVersion = 6.2;
						TestTargetID = 2F6F4FA51BEFC689005E6F28;
					};
				};
			};
			buildConfigurationList = 2F6F4FA11BEFC689005E6F28 /* Build configuration list for PBXProject "ParkingBee" */;
			compatibilityVersion = "Xcode 3.2";
			developmentRegion = English;
			hasScannedForEncodings = 0;
			knownRegions = (
				en,
				Base,
			);
			mainGroup = 2F6F4F9D1BEFC689005E6F28;
			productRefGroup = 2F6F4FA71BEFC689005E6F28 /* Products */;
			projectDirPath = "";
			projectRoot = "";
			targets = (
				2F6F4FA51BEFC689005E6F28 /* ParkingBee */,
				2F6F4FBA1BEFC689005E6F28 /* ParkingBeeTests */,
			);
		};
/* End PBXProject section */

/* Begin PBXResourcesBuildPhase section */
		2F6F4FA41BEFC689005E6F28 /* Resources */ = {
			isa = PBXResourcesBuildPhase;
			buildActionMask = 2147483647;
			files = (
				2F6F4FB11BEFC689005E6F28 /* Main.storyboard in Resources */,
				2F6F4FB61BEFC689005E6F28 /* LaunchScreen.xib in Resources */,
				2F6F4FB31BEFC689005E6F28 /* Images.xcassets in Resources */,
			);
			runOnlyForDeploymentPostprocessing = 0;
		};
		2F6F4FB91BEFC689005E6F28 /* Resources */ = {
			isa = PBXResourcesBuildPhase;
			buildActionMask = 2147483647;
			files = (
			);
			runOnlyForDeploymentPostprocessing = 0;
		};
/* End PBXResourcesBuildPhase section */

/* Begin PBXSourcesBuildPhase section */
		2F6F4FA21BEFC689005E6F28 /* Sources */ = {
			isa = PBXSourcesBuildPhase;
			buildActionMask = 2147483647;
			files = (
				2F6F4FAE1BEFC689005E6F28 /* ViewController.swift in Sources */,
				2F6F4FAC1BEFC689005E6F28 /* AppDelegate.swift in Sources */,
			);
			runOnlyForDeploymentPostprocessing = 0;
		};
		2F6F4FB71BEFC689005E6F28 /* Sources */ = {
			isa = PBXSourcesBuildPhase;
			buildActionMask = 2147483647;
			files = (
				2F6F4FC21BEFC689005E6F28 /* ParkingBeeTests.swift in Sources */,
			);
			runOnlyForDeploymentPostprocessing = 0;
		};
/* End PBXSourcesBuildPhase section */

/* Begin PBXTargetDependency section */
		2F6F4FBD1BEFC689005E6F28 /* PBXTargetDependency */ = {
			isa = PBXTargetDependency;
			target = 2F6F4FA51BEFC689005E6F28 /* ParkingBee */;
			targetProxy = 2F6F4FBC1BEFC689005E6F28 /* PBXContainerItemProxy */;
		};
/* End PBXTargetDependency section */

/* Begin PBXVariantGroup section */
		2F6F4FAF1BEFC689005E6F28 /* Main.storyboard */ = {
			isa = PBXVariantGroup;
			children = (
				2F6F4FB01BEFC689005E6F28 /* Base */,
			);
			name = Main.storyboard;
			sourceTree = "<group>";
		};
		2F6F4FB41BEFC689005E6F28 /* LaunchScreen.xib */ = {
			isa = PBXVariantGroup;
			children = (
				2F6F4FB51BEFC689005E6F28 /* Base */,
			);
			name = LaunchScreen.xib;
			sourceTree = "<group>";
		};
/* End PBXVariantGroup section */

/* Begin XCBuildConfiguration section */
		2F6F4FC31BEFC689005E6F28 /* Debug */ = {
			isa = XCBuildConfiguration;
			buildSettings = {
				ALWAYS_SEARCH_USER_PATHS = NO;
				CLANG_CXX_LANGUAGE_STANDARD = "gnu++0x";
				CLANG_CXX_LIBRARY = "libc++";
				CLANG_ENABLE_MODULES = YES;
				CLANG_ENABLE_OBJC_ARC = YES;
				CLANG_WARN_BOOL_CONVERSION = YES;
				CLANG_WARN_CONSTANT_CONVERSION = YES;
				CLANG_WARN_DIRECT_OBJC_ISA_USAGE = YES_ERROR;
				CLANG_WARN_EMPTY_BODY = YES;
				CLANG_WARN_ENUM_CONVERSION = YES;
				CLANG_WARN_INT_CONVERSION = YES;
				CLANG_WARN_OBJC_ROOT_CLASS = YES_ERROR;
				CLANG_WARN_UNREACHABLE_CODE = YES;
				CLANG_WARN__DUPLICATE_METHOD_MATCH = YES;
				"CODE_SIGN_IDENTITY[sdk=iphoneos*]" = "iPhone Developer";
				COPY_PHASE_STRIP = NO;
				ENABLE_STRICT_OBJC_MSGSEND = YES;
				GCC_C_LANGUAGE_STANDARD = gnu99;
				GCC_DYNAMIC_NO_PIC = NO;
				GCC_OPTIMIZATION_LEVEL = 0;
				GCC_PREPROCESSOR_DEFINITIONS = (
					"DEBUG=1",
					"$(inherited)",
				);
				GCC_SYMBOLS_PRIVATE_EXTERN = NO;
				GCC_WARN_64_TO_32_BIT_CONVERSION = YES;
				GCC_WARN_ABOUT_RETURN_TYPE = YES_ERROR;
				GCC_WARN_UNDECLARED_SELECTOR = YES;
				GCC_WARN_UNINITIALIZED_AUTOS = YES_AGGRESSIVE;
				GCC_WARN_UNUSED_FUNCTION = YES;
				GCC_WARN_UNUSED_VARIABLE = YES;
				IPHONEOS_DEPLOYMENT_TARGET = 8.2;
				MTL_ENABLE_DEBUG_INFO = YES;
				ONLY_ACTIVE_ARCH = YES;
				SDKROOT = iphoneos;
				SWIFT_OPTIMIZATION_LEVEL = "-Onone";
			};
			name = Debug;
		};
		2F6F4FC41BEFC689005E6F28 /* Release */ = {
			isa = XCBuildConfiguration;
			buildSettings = {
				ALWAYS_SEARCH_USER_PATHS = NO;
				CLANG_CXX_LANGUAGE_STANDARD = "gnu++0x";
				CLANG_CXX_LIBRARY = "libc++";
				CLANG_ENABLE_MODULES = YES;
				CLANG_ENABLE_OBJC_ARC = YES;
				CLANG_WARN_BOOL_CONVERSION = YES;
				CLANG_WARN_CONSTANT_CONVERSION = YES;
				CLANG_WARN_DIRECT_OBJC_ISA_USAGE = YES_ERROR;
				CLANG_WARN_EMPTY_BODY = YES;
				CLANG_WARN_ENUM_CONVERSION = YES;
				CLANG_WARN_INT_CONVERSION = YES;
				CLANG_WARN_OBJC_ROOT_CLASS = YES_ERROR;
				CLANG_WARN_UNREACHABLE_CODE = YES;
				CLANG_WARN__DUPLICATE_METHOD_MATCH = YES;
				"CODE_SIGN_IDENTITY[sdk=iphoneos*]" = "iPhone Developer";
				COPY_PHASE_STRIP = NO;
				ENABLE_NS_ASSERTIONS = NO;
				ENABLE_STRICT_OBJC_MSGSEND = YES;
				GCC_C_LANGUAGE_STANDARD = gnu99;
				GCC_WARN_64_TO_32_BIT_CONVERSION = YES;
				GCC_WARN_ABOUT_RETURN_TYPE = YES_ERROR;
				GCC_WARN_UNDECLARED_SELECTOR = YES;
				GCC_WARN_UNINITIALIZED_AUTOS = YES_AGGRESSIVE;
				GCC_WARN_UNUSED_FUNCTION = YES;
				GCC_WARN_UNUSED_VARIABLE = YES;
				IPHONEOS_DEPLOYMENT_TARGET = 8.2;
				MTL_ENABLE_DEBUG_INFO = NO;
				SDKROOT = iphoneos;
				VALIDATE_PRODUCT = YES;
			};
			name = Release;
		};
		2F6F4FC61BEFC689005E6F28 /* Debug */ = {
			isa = XCBuildConfiguration;
			buildSettings = {
				ASSETCATALOG_COMPILER_APPICON_NAME = AppIcon;
				INFOPLIST_FILE = ParkingBee/Info.plist;
				LD_RUNPATH_SEARCH_PATHS = "$(inherited) @executable_path/Frameworks";
				PRODUCT_NAME = "$(TARGET_NAME)";
			};
			name = Debug;
		};
		2F6F4FC71BEFC689005E6F28 /* Release */ = {
			isa = XCBuildConfiguration;
			buildSettings = {
				ASSETCATALOG_COMPILER_APPICON_NAME = AppIcon;
				INFOPLIST_FILE = ParkingBee/Info.plist;
				LD_RUNPATH_SEARCH_PATHS = "$(inherited) @executable_path/Frameworks";
				PRODUCT_NAME = "$(TARGET_NAME)";
			};
			name = Release;
		};
		2F6F4FC91BEFC68A005E6F28 /* Debug */ = {
			isa = XCBuildConfiguration;
			buildSettings = {
				BUNDLE_LOADER = "$(TEST_HOST)";
				FRAMEWORK_SEARCH_PATHS = (
					"$(SDKROOT)/Developer/Library/Frameworks",
					"$(inherited)",
				);
				GCC_PREPROCESSOR_DEFINITIONS = (
					"DEBUG=1",
					"$(inherited)",
				);
				INFOPLIST_FILE = ParkingBeeTests/Info.plist;
				LD_RUNPATH_SEARCH_PATHS = "$(inherited) @executable_path/Frameworks @loader_path/Frameworks";
				PRODUCT_NAME = "$(TARGET_NAME)";
				TEST_HOST = "$(BUILT_PRODUCTS_DIR)/ParkingBee.app/ParkingBee";
			};
			name = Debug;
		};
		2F6F4FCA1BEFC68A005E6F28 /* Release */ = {
			isa = XCBuildConfiguration;
			buildSettings = {
				BUNDLE_LOADER = "$(TEST_HOST)";
				FRAMEWORK_SEARCH_PATHS = (
					"$(SDKROOT)/Developer/Library/Frameworks",
					"$(inherited)",
				);
				INFOPLIST_FILE = ParkingBeeTests/Info.plist;
				LD_RUNPATH_SEARCH_PATHS = "$(inherited) @executable_path/Frameworks @loader_path/Frameworks";
				PRODUCT_NAME = "$(TARGET_NAME)";
				TEST_HOST = "$(BUILT_PRODUCTS_DIR)/ParkingBee.app/ParkingBee";
			};
			name = Release;
		};
/* End XCBuildConfiguration section */

/* Begin XCConfigurationList section */
		2F6F4FA11BEFC689005E6F28 /* Build configuration list for PBXProject "ParkingBee" */ = {
			isa = XCConfigurationList;
			buildConfigurations = (
				2F6F4FC31BEFC689005E6F28 /* Debug */,
				2F6F4FC41BEFC689005E6F28 /* Release */,
			);
			defaultConfigurationIsVisible = 0;
			defaultConfigurationName = Release;
		};
		2F6F4FC51BEFC689005E6F28 /* Build configuration list for PBXNativeTarget "ParkingBee" */ = {
			isa = XCConfigurationList;
			buildConfigurations = (
				2F6F4FC61BEFC689005E6F28 /* Debug */,
				2F6F4FC71BEFC689005E6F28 /* Release */,
			);
			defaultConfigurationIsVisible = 0;
		};
		2F6F4FC81BEFC68A005E6F28 /* Build configuration list for PBXNativeTarget "ParkingBeeTests" */ = {
			isa = XCConfigurationList;
			buildConfigurations = (
				2F6F4FC91BEFC68A005E6F28 /* Debug */,
				2F6F4FCA1BEFC68A005E6F28 /* Release */,
			);
			defaultConfigurationIsVisible = 0;
		};
/* End XCConfigurationList section */
	};
	rootObject = 2F6F4F9E1BEFC689005E6F28 /* Project object */;
}
